
Microsoft Visual Studio Solution File, Format Version 12.00
# Visual Studio Version 17
VisualStudioVersion = 17.8.34525.116
MinimumVisualStudioVersion = 10.0.40219.1
Project("{FAE04EC0-301F-11D3-BF4B-00C04F79EFBC}") = "ObiletIntro", "ObiletIntro\ObiletIntro.csproj", "{B4AB4903-5CF0-4F7F-9079-46062CC3EB17}"
EndProject
Global
	GlobalSection(SolutionConfigurationPlatforms) = preSolution
		Debug|Any CPU = Debug|Any CPU
		Release|Any CPU = Release|Any CPU
	EndGlobalSection
	GlobalSection(ProjectConfigurationPlatforms) = postSolution
		{B4AB4903-5CF0-4F7F-9079-46062CC3EB17}.Debug|Any CPU.ActiveCfg = Debug|Any CPU
		{B4AB4903-5CF0-4F7F-9079-46062CC3EB17}.Debug|Any CPU.Build.0 = Debug|Any CPU
		{B4AB4903-5CF0-4F7F-9079-46062CC3EB17}.Release|Any CPU.ActiveCfg = Release|Any CPU
		{B4AB4903-5CF0-4F7F-9079-46062CC3EB17}.Release|Any CPU.Build.0 = Release|Any CPU
	EndGlobalSection
	GlobalSection(SolutionProperties) = preSolution
		HideSolutionNode = FALSE
	EndGlobalSection
	GlobalSection(ExtensibilityGlobals) = postSolution
		SolutionGuid = {262112C3-3FF3-4593-858F-7564BBD6056E}
	EndGlobalSection
EndGlobal
